
Microsoft Visual Studio Solution File, Format Version 12.00
# Visual Studio Version 17
VisualStudioVersion = 17.7.34009.444
MinimumVisualStudioVersion = 10.0.40219.1
Project("{2150E333-8FDC-42A3-9474-1A3956D46DE8}") = "Lektion 01 - Intro", "Lektion 01 - Intro", "{3E6979BC-9224-4471-A0E2-EAB31FC72DEE}"
EndProject
Project("{9A19103F-16F7-4668-BE54-9A1E7A4F7556}") = "Opgave 5", "Opgave 5+6\Opgave 5.csproj", "{8340E286-E60E-4A6D-8063-56B687427882}"
EndProject
Project("{9A19103F-16F7-4668-BE54-9A1E7A4F7556}") = "Opgave 3+4", "Opgave 3+4\Opgave 3+4.csproj", "{09FFA217-255B-4DB4-913B-6D9B77BFD085}"
EndProject
Project("{9A19103F-16F7-4668-BE54-9A1E7A4F7556}") = "Opgave 6+7", "Opgave 6\Opgave 6+7.csproj", "{07B89B82-D6AC-455A-AEA1-AADAA477B1E5}"
EndProject
Project("{2150E333-8FDC-42A3-9474-1A3956D46DE8}") = "Lektion 02 - Sprogkonstruktion", "Lektion 02 - Sprogkonstruktion", "{069A17B5-AF35-458A-86B6-B3EF77D99073}"
EndProject
Project("{9A19103F-16F7-4668-BE54-9A1E7A4F7556}") = "Opgave3", "Opgave1\Opgave3.csproj", "{FABC1F81-4E6B-439A-B726-3647C0A06BDD}"
EndProject
Project("{2150E333-8FDC-42A3-9474-1A3956D46DE8}") = "Lektion 03 - Objektorientering", "Lektion 03 - Objektorientering", "{5517E70B-E67F-412D-AA28-22DE915D3A38}"
EndProject
Project("{9A19103F-16F7-4668-BE54-9A1E7A4F7556}") = "Opgave 3.0", "Opgave 3.1-3.9\Opgave 3.0.csproj", "{6C8B54D6-6A12-4CAC-A753-9CA6BB39C546}"
EndProject
Project("{2150E333-8FDC-42A3-9474-1A3956D46DE8}") = "Opgave 3", "Opgave 3", "{50857BE3-C92B-41CF-A1D0-29C1C61C57FF}"
EndProject
Project("{2150E333-8FDC-42A3-9474-1A3956D46DE8}") = "Opgave 3.1", "Opgave 3.1", "{7B371826-0A1A-40E2-A15C-5EC87C79AFEB}"
EndProject
Project("{9A19103F-16F7-4668-BE54-9A1E7A4F7556}") = "Opgave3.1", "Opgave3.1\Opgave3.1.csproj", "{098E3719-8525-4626-B427-5E57290581F4}"
EndProject
Project("{2150E333-8FDC-42A3-9474-1A3956D46DE8}") = "Opgave3.8", "Opgave3.8", "{09FAC6ED-7F3E-423B-AAC9-A5118E2FB4D1}"
EndProject
Project("{9A19103F-16F7-4668-BE54-9A1E7A4F7556}") = "Opgave3.8", "Opgave3.8\Opgave3.8.csproj", "{3A638C84-F77F-4C81-BA9F-23D4388F73BF}"
EndProject
Project("{2150E333-8FDC-42A3-9474-1A3956D46DE8}") = "Lektion 04 - Delegates", "Lektion 04 - Delegates", "{F1CCD17D-B41D-4546-BCC6-1CF13704F1D8}"
EndProject
Project("{9A19103F-16F7-4668-BE54-9A1E7A4F7556}") = "Opgave4", "Opgave4\Opgave4.csproj", "{5732A775-3395-46AE-AEF1-A6343DD15771}"
EndProject
Project("{2150E333-8FDC-42A3-9474-1A3956D46DE8}") = "Opgave4.1", "Opgave4.1", "{E46EF07A-037E-48BF-B8E9-ED8E064227B7}"
EndProject
Project("{2150E333-8FDC-42A3-9474-1A3956D46DE8}") = "Opgave4.2", "Opgave4.2", "{5EF73394-FBC7-4CFB-A37E-03D1D3A2D30D}"
EndProject
Project("{9A19103F-16F7-4668-BE54-9A1E7A4F7556}") = "Opgave4.2", "Opgave4.2\Opgave4.2.csproj", "{F059A455-1180-44EB-913F-C34F2AC67A3B}"
EndProject
Project("{2150E333-8FDC-42A3-9474-1A3956D46DE8}") = "Opgave4.3-4", "Opgave4.3-4", "{3C531BAA-43DA-474E-A8F4-42AD28EE626A}"
EndProject
Project("{9A19103F-16F7-4668-BE54-9A1E7A4F7556}") = "4.3", "4.3\4.3.csproj", "{00B44C0B-BA1D-4D4F-B0D1-E7456C2F6F21}"
EndProject
Project("{2150E333-8FDC-42A3-9474-1A3956D46DE8}") = "Opgave4.5", "Opgave4.5", "{E8762E47-3BD3-4EF4-B8A6-20039E534EAE}"
EndProject
Project("{9A19103F-16F7-4668-BE54-9A1E7A4F7556}") = "Opgave4.5", "Opgave4.5\Opgave4.5.csproj", "{DAAB33B7-D327-44A4-9130-CD988A8027CC}"
EndProject
Project("{2150E333-8FDC-42A3-9474-1A3956D46DE8}") = "Opgave4.6", "Opgave4.6", "{EFDE10DE-452A-4AEC-8655-D3693CBAC358}"
EndProject
Project("{9A19103F-16F7-4668-BE54-9A1E7A4F7556}") = "Opgave4.6", "Opgave4.6\Opgave4.6.csproj", "{13E734BF-83E8-4934-AF26-6AD67A79193D}"
EndProject
Project("{2150E333-8FDC-42A3-9474-1A3956D46DE8}") = "Lektion 05 - LINQ", "Lektion 05 - LINQ", "{98283E87-1EA9-48A3-A34A-AA0AE7277A31}"
EndProject
Project("{2150E333-8FDC-42A3-9474-1A3956D46DE8}") = "Opgave5.1-2", "Opgave5.1-2", "{D9AFE27A-74A5-4E3F-9BD2-4D533AA6771F}"
EndProject
Project("{9A19103F-16F7-4668-BE54-9A1E7A4F7556}") = "Opgave5.1-2", "Opgave5.1-2\Opgave5.1-2.csproj", "{8093BA91-C4DB-4BB2-9F15-227565A4A25D}"
EndProject
Project("{2150E333-8FDC-42A3-9474-1A3956D46DE8}") = "Opgave5.3", "Opgave5.3", "{0C0AC70B-8DE2-4349-BF15-AF625135497E}"
EndProject
Project("{9A19103F-16F7-4668-BE54-9A1E7A4F7556}") = "Opgave5.3", "Opgave5.3\Opgave5.3.csproj", "{665CEB00-5D74-4576-8317-A2B06651E99C}"
EndProject
Project("{2150E333-8FDC-42A3-9474-1A3956D46DE8}") = "Lektion 06 - WPF1", "Lektion 06 - WPF1", "{DE6B0322-F64B-43B3-913B-185F400B5613}"
EndProject
Project("{2150E333-8FDC-42A3-9474-1A3956D46DE8}") = "Opgave6.1&3", "Opgave6.1&3", "{A0D28716-45E1-480C-A29E-55C04778CFA8}"
EndProject
Project("{2150E333-8FDC-42A3-9474-1A3956D46DE8}") = "Opgave6.2&4", "Opgave6.2&4", "{EE820009-DB45-4DD4-8773-41BF4B9A8F91}"
EndProject
Project("{FAE04EC0-301F-11D3-BF4B-00C04F79EFBC}") = "Opgave6_1&3", "Opgave6_1\Opgave6_1&3.csproj", "{6744E9E7-F935-46A5-9461-A486EDF83B77}"
EndProject
Project("{FAE04EC0-301F-11D3-BF4B-00C04F79EFBC}") = "Opgave6_2&4", "Opgave6_2\Opgave6_2&4.csproj", "{765AF568-0786-4961-958F-31E7BCA42866}"
EndProject
Project("{2150E333-8FDC-42A3-9474-1A3956D46DE8}") = "OPgave6.6", "OPgave6.6", "{65DB999E-BFDF-459C-A9D0-082CACFB2743}"
EndProject
Project("{FAE04EC0-301F-11D3-BF4B-00C04F79EFBC}") = "Opgave6_6", "6.6\Opgave6_6.csproj", "{70485B12-F748-46F9-949D-E242F9894FB5}"
EndProject
Project("{2150E333-8FDC-42A3-9474-1A3956D46DE8}") = "Lektion 07 - WPF2", "Lektion 07 - WPF2", "{166BF397-784A-4B05-834F-BFC281B1F14E}"
EndProject
Project("{2150E333-8FDC-42A3-9474-1A3956D46DE8}") = "Opgave7.1", "Opgave7.1", "{82616DF2-7D60-4BE3-85C0-7BA69CF72D5C}"
EndProject
Project("{FAE04EC0-301F-11D3-BF4B-00C04F79EFBC}") = "Opg7.1", "Opg7.1\Opg7.1.csproj", "{6B1702E9-2660-4B32-9782-FBFB97252A8B}"
EndProject
Project("{2150E333-8FDC-42A3-9474-1A3956D46DE8}") = "Opgave7.4", "Opgave7.4", "{BE49E032-F9E0-4CDA-BB8C-875994843372}"
EndProject
Project("{FAE04EC0-301F-11D3-BF4B-00C04F79EFBC}") = "Opg7.4", "Opg7.4\Opg7.4.csproj", "{C282E463-E012-4C72-AC36-7933F18F8CC5}"
EndProject
Project("{2150E333-8FDC-42A3-9474-1A3956D46DE8}") = "Lektion 08 - Entity Framework", "Lektion 08 - Entity Framework", "{6544CAF9-3596-4786-8A86-5D12A659132F}"
EndProject
Project("{2150E333-8FDC-42A3-9474-1A3956D46DE8}") = "Opgave8", "Opgave8", "{0F72F894-1E5C-4A19-9DB0-BE945A0FFA0A}"
EndProject
Project("{9A19103F-16F7-4668-BE54-9A1E7A4F7556}") = "Opgave8_1", "Lektion8\Lektion8\Opgave8_1.csproj", "{1F9E984C-7ECA-44F8-B92E-1123AD3B3440}"
EndProject
Project("{2150E333-8FDC-42A3-9474-1A3956D46DE8}") = "Lektion 09 - MVC", "Lektion 09 - MVC", "{2B2BB5CB-91F1-4CAE-942B-FD128EF5DE8A}"
EndProject
Project("{2150E333-8FDC-42A3-9474-1A3956D46DE8}") = "Opgave9.1-3", "Opgave9.1-3", "{E72D2F4B-852D-4450-BEF4-E2BECAD34A27}"
EndProject
Project("{9A19103F-16F7-4668-BE54-9A1E7A4F7556}") = "Opg9.1", "Opg9.1\Opg9.1.csproj", "{E9486626-1A77-446A-8B7C-E6034769EBAB}"
EndProject
Project("{2150E333-8FDC-42A3-9474-1A3956D46DE8}") = "Opgave9.4", "Opgave9.4", "{FEE5C9AD-0E32-4A67-8436-84B266F129A7}"
EndProject
Project("{9A19103F-16F7-4668-BE54-9A1E7A4F7556}") = "Opg9.4", "Opg9.4\Opg9.4.csproj", "{4C2FA750-CF67-499D-B14E-4077D4A62C30}"
EndProject
Project("{2150E333-8FDC-42A3-9474-1A3956D46DE8}") = "Opgave9.5", "Opgave9.5", "{A1CDFB60-D859-44A2-AB52-9C241F9A6918}"
EndProject
Project("{9A19103F-16F7-4668-BE54-9A1E7A4F7556}") = "Opg9.5", "Opg9.5\Opg9.5.csproj", "{B886EEA3-37D1-416E-9E0E-DCFD0562BACC}"
EndProject
Project("{2150E333-8FDC-42A3-9474-1A3956D46DE8}") = "Lektion 10 - MVC2", "Lektion 10 - MVC2", "{AE2A6DFC-A711-426E-9FD8-E4D8999C1920}"
EndProject
Project("{2150E333-8FDC-42A3-9474-1A3956D46DE8}") = "Opg10.1-3", "Opg10.1-3", "{78D8D68B-30DA-4DA9-86EB-FDFFB9861972}"
EndProject
Project("{9A19103F-16F7-4668-BE54-9A1E7A4F7556}") = "StartUp_CORE", "..\..\4. semester\C#\Lektion 10 - MVC2\StartUp_CORE\StartUp_CORE.csproj", "{99B86CFA-C40A-49C7-8EB1-F29BAAF69245}"
EndProject
Global
	GlobalSection(SolutionConfigurationPlatforms) = preSolution
		Debug|Any CPU = Debug|Any CPU
		Release|Any CPU = Release|Any CPU
	EndGlobalSection
	GlobalSection(ProjectConfigurationPlatforms) = postSolution
		{8340E286-E60E-4A6D-8063-56B687427882}.Debug|Any CPU.ActiveCfg = Debug|Any CPU
		{8340E286-E60E-4A6D-8063-56B687427882}.Debug|Any CPU.Build.0 = Debug|Any CPU
		{8340E286-E60E-4A6D-8063-56B687427882}.Release|Any CPU.ActiveCfg = Release|Any CPU
		{8340E286-E60E-4A6D-8063-56B687427882}.Release|Any CPU.Build.0 = Release|Any CPU
		{09FFA217-255B-4DB4-913B-6D9B77BFD085}.Debug|Any CPU.ActiveCfg = Debug|Any CPU
		{09FFA217-255B-4DB4-913B-6D9B77BFD085}.Debug|Any CPU.Build.0 = Debug|Any CPU
		{09FFA217-255B-4DB4-913B-6D9B77BFD085}.Release|Any CPU.ActiveCfg = Release|Any CPU
		{09FFA217-255B-4DB4-913B-6D9B77BFD085}.Release|Any CPU.Build.0 = Release|Any CPU
		{07B89B82-D6AC-455A-AEA1-AADAA477B1E5}.Debug|Any CPU.ActiveCfg = Debug|Any CPU
		{07B89B82-D6AC-455A-AEA1-AADAA477B1E5}.Debug|Any CPU.Build.0 = Debug|Any CPU
		{07B89B82-D6AC-455A-AEA1-AADAA477B1E5}.Release|Any CPU.ActiveCfg = Release|Any CPU
		{07B89B82-D6AC-455A-AEA1-AADAA477B1E5}.Release|Any CPU.Build.0 = Release|Any CPU
		{FABC1F81-4E6B-439A-B726-3647C0A06BDD}.Debug|Any CPU.ActiveCfg = Debug|Any CPU
		{FABC1F81-4E6B-439A-B726-3647C0A06BDD}.Debug|Any CPU.Build.0 = Debug|Any CPU
		{FABC1F81-4E6B-439A-B726-3647C0A06BDD}.Release|Any CPU.ActiveCfg = Release|Any CPU
		{FABC1F81-4E6B-439A-B726-3647C0A06BDD}.Release|Any CPU.Build.0 = Release|Any CPU
		{6C8B54D6-6A12-4CAC-A753-9CA6BB39C546}.Debug|Any CPU.ActiveCfg = Debug|Any CPU
		{6C8B54D6-6A12-4CAC-A753-9CA6BB39C546}.Debug|Any CPU.Build.0 = Debug|Any CPU
		{6C8B54D6-6A12-4CAC-A753-9CA6BB39C546}.Release|Any CPU.ActiveCfg = Release|Any CPU
		{6C8B54D6-6A12-4CAC-A753-9CA6BB39C546}.Release|Any CPU.Build.0 = Release|Any CPU
		{098E3719-8525-4626-B427-5E57290581F4}.Debug|Any CPU.ActiveCfg = Debug|Any CPU
		{098E3719-8525-4626-B427-5E57290581F4}.Debug|Any CPU.Build.0 = Debug|Any CPU
		{098E3719-8525-4626-B427-5E57290581F4}.Release|Any CPU.ActiveCfg = Release|Any CPU
		{098E3719-8525-4626-B427-5E57290581F4}.Release|Any CPU.Build.0 = Release|Any CPU
		{3A638C84-F77F-4C81-BA9F-23D4388F73BF}.Debug|Any CPU.ActiveCfg = Debug|Any CPU
		{3A638C84-F77F-4C81-BA9F-23D4388F73BF}.Debug|Any CPU.Build.0 = Debug|Any CPU
		{3A638C84-F77F-4C81-BA9F-23D4388F73BF}.Release|Any CPU.ActiveCfg = Release|Any CPU
		{3A638C84-F77F-4C81-BA9F-23D4388F73BF}.Release|Any CPU.Build.0 = Release|Any CPU
		{5732A775-3395-46AE-AEF1-A6343DD15771}.Debug|Any CPU.ActiveCfg = Debug|Any CPU
		{5732A775-3395-46AE-AEF1-A6343DD15771}.Debug|Any CPU.Build.0 = Debug|Any CPU
		{5732A775-3395-46AE-AEF1-A6343DD15771}.Release|Any CPU.ActiveCfg = Release|Any CPU
		{5732A775-3395-46AE-AEF1-A6343DD15771}.Release|Any CPU.Build.0 = Release|Any CPU
		{F059A455-1180-44EB-913F-C34F2AC67A3B}.Debug|Any CPU.ActiveCfg = Debug|Any CPU
		{F059A455-1180-44EB-913F-C34F2AC67A3B}.Debug|Any CPU.Build.0 = Debug|Any CPU
		{F059A455-1180-44EB-913F-C34F2AC67A3B}.Release|Any CPU.ActiveCfg = Release|Any CPU
		{F059A455-1180-44EB-913F-C34F2AC67A3B}.Release|Any CPU.Build.0 = Release|Any CPU
		{00B44C0B-BA1D-4D4F-B0D1-E7456C2F6F21}.Debug|Any CPU.ActiveCfg = Debug|Any CPU
		{00B44C0B-BA1D-4D4F-B0D1-E7456C2F6F21}.Debug|Any CPU.Build.0 = Debug|Any CPU
		{00B44C0B-BA1D-4D4F-B0D1-E7456C2F6F21}.Release|Any CPU.ActiveCfg = Release|Any CPU
		{00B44C0B-BA1D-4D4F-B0D1-E7456C2F6F21}.Release|Any CPU.Build.0 = Release|Any CPU
		{DAAB33B7-D327-44A4-9130-CD988A8027CC}.Debug|Any CPU.ActiveCfg = Debug|Any CPU
		{DAAB33B7-D327-44A4-9130-CD988A8027CC}.Debug|Any CPU.Build.0 = Debug|Any CPU
		{DAAB33B7-D327-44A4-9130-CD988A8027CC}.Release|Any CPU.ActiveCfg = Release|Any CPU
		{DAAB33B7-D327-44A4-9130-CD988A8027CC}.Release|Any CPU.Build.0 = Release|Any CPU
		{13E734BF-83E8-4934-AF26-6AD67A79193D}.Debug|Any CPU.ActiveCfg = Debug|Any CPU
		{13E734BF-83E8-4934-AF26-6AD67A79193D}.Debug|Any CPU.Build.0 = Debug|Any CPU
		{13E734BF-83E8-4934-AF26-6AD67A79193D}.Release|Any CPU.ActiveCfg = Release|Any CPU
		{13E734BF-83E8-4934-AF26-6AD67A79193D}.Release|Any CPU.Build.0 = Release|Any CPU
		{8093BA91-C4DB-4BB2-9F15-227565A4A25D}.Debug|Any CPU.ActiveCfg = Debug|Any CPU
		{8093BA91-C4DB-4BB2-9F15-227565A4A25D}.Debug|Any CPU.Build.0 = Debug|Any CPU
		{8093BA91-C4DB-4BB2-9F15-227565A4A25D}.Release|Any CPU.ActiveCfg = Release|Any CPU
		{8093BA91-C4DB-4BB2-9F15-227565A4A25D}.Release|Any CPU.Build.0 = Release|Any CPU
		{665CEB00-5D74-4576-8317-A2B06651E99C}.Debug|Any CPU.ActiveCfg = Debug|Any CPU
		{665CEB00-5D74-4576-8317-A2B06651E99C}.Debug|Any CPU.Build.0 = Debug|Any CPU
		{665CEB00-5D74-4576-8317-A2B06651E99C}.Release|Any CPU.ActiveCfg = Release|Any CPU
		{665CEB00-5D74-4576-8317-A2B06651E99C}.Release|Any CPU.Build.0 = Release|Any CPU
		{6744E9E7-F935-46A5-9461-A486EDF83B77}.Debug|Any CPU.ActiveCfg = Debug|Any CPU
		{6744E9E7-F935-46A5-9461-A486EDF83B77}.Debug|Any CPU.Build.0 = Debug|Any CPU
		{6744E9E7-F935-46A5-9461-A486EDF83B77}.Release|Any CPU.ActiveCfg = Release|Any CPU
		{6744E9E7-F935-46A5-9461-A486EDF83B77}.Release|Any CPU.Build.0 = Release|Any CPU
		{765AF568-0786-4961-958F-31E7BCA42866}.Debug|Any CPU.ActiveCfg = Debug|Any CPU
		{765AF568-0786-4961-958F-31E7BCA42866}.Debug|Any CPU.Build.0 = Debug|Any CPU
		{765AF568-0786-4961-958F-31E7BCA42866}.Release|Any CPU.ActiveCfg = Release|Any CPU
		{765AF568-0786-4961-958F-31E7BCA42866}.Release|Any CPU.Build.0 = Release|Any CPU
		{70485B12-F748-46F9-949D-E242F9894FB5}.Debug|Any CPU.ActiveCfg = Debug|Any CPU
		{70485B12-F748-46F9-949D-E242F9894FB5}.Debug|Any CPU.Build.0 = Debug|Any CPU
		{70485B12-F748-46F9-949D-E242F9894FB5}.Release|Any CPU.ActiveCfg = Release|Any CPU
		{70485B12-F748-46F9-949D-E242F9894FB5}.Release|Any CPU.Build.0 = Release|Any CPU
		{6B1702E9-2660-4B32-9782-FBFB97252A8B}.Debug|Any CPU.ActiveCfg = Debug|Any CPU
		{6B1702E9-2660-4B32-9782-FBFB97252A8B}.Debug|Any CPU.Build.0 = Debug|Any CPU
		{6B1702E9-2660-4B32-9782-FBFB97252A8B}.Release|Any CPU.ActiveCfg = Release|Any CPU
		{6B1702E9-2660-4B32-9782-FBFB97252A8B}.Release|Any CPU.Build.0 = Release|Any CPU
		{C282E463-E012-4C72-AC36-7933F18F8CC5}.Debug|Any CPU.ActiveCfg = Debug|Any CPU
		{C282E463-E012-4C72-AC36-7933F18F8CC5}.Debug|Any CPU.Build.0 = Debug|Any CPU
		{C282E463-E012-4C72-AC36-7933F18F8CC5}.Release|Any CPU.ActiveCfg = Release|Any CPU
		{C282E463-E012-4C72-AC36-7933F18F8CC5}.Release|Any CPU.Build.0 = Release|Any CPU
		{1F9E984C-7ECA-44F8-B92E-1123AD3B3440}.Debug|Any CPU.ActiveCfg = Debug|Any CPU
		{1F9E984C-7ECA-44F8-B92E-1123AD3B3440}.Debug|Any CPU.Build.0 = Debug|Any CPU
		{1F9E984C-7ECA-44F8-B92E-1123AD3B3440}.Release|Any CPU.ActiveCfg = Release|Any CPU
		{1F9E984C-7ECA-44F8-B92E-1123AD3B3440}.Release|Any CPU.Build.0 = Release|Any CPU
		{E9486626-1A77-446A-8B7C-E6034769EBAB}.Debug|Any CPU.ActiveCfg = Debug|Any CPU
		{E9486626-1A77-446A-8B7C-E6034769EBAB}.Debug|Any CPU.Build.0 = Debug|Any CPU
		{E9486626-1A77-446A-8B7C-E6034769EBAB}.Release|Any CPU.ActiveCfg = Release|Any CPU
		{E9486626-1A77-446A-8B7C-E6034769EBAB}.Release|Any CPU.Build.0 = Release|Any CPU
		{4C2FA750-CF67-499D-B14E-4077D4A62C30}.Debug|Any CPU.ActiveCfg = Debug|Any CPU
		{4C2FA750-CF67-499D-B14E-4077D4A62C30}.Debug|Any CPU.Build.0 = Debug|Any CPU
		{4C2FA750-CF67-499D-B14E-4077D4A62C30}.Release|Any CPU.ActiveCfg = Release|Any CPU
		{4C2FA750-CF67-499D-B14E-4077D4A62C30}.Release|Any CPU.Build.0 = Release|Any CPU
		{B886EEA3-37D1-416E-9E0E-DCFD0562BACC}.Debug|Any CPU.ActiveCfg = Debug|Any CPU
		{B886EEA3-37D1-416E-9E0E-DCFD0562BACC}.Debug|Any CPU.Build.0 = Debug|Any CPU
		{B886EEA3-37D1-416E-9E0E-DCFD0562BACC}.Release|Any CPU.ActiveCfg = Release|Any CPU
		{B886EEA3-37D1-416E-9E0E-DCFD0562BACC}.Release|Any CPU.Build.0 = Release|Any CPU
		{99B86CFA-C40A-49C7-8EB1-F29BAAF69245}.Debug|Any CPU.ActiveCfg = Debug|Any CPU
		{99B86CFA-C40A-49C7-8EB1-F29BAAF69245}.Debug|Any CPU.Build.0 = Debug|Any CPU
		{99B86CFA-C40A-49C7-8EB1-F29BAAF69245}.Release|Any CPU.ActiveCfg = Release|Any CPU
		{99B86CFA-C40A-49C7-8EB1-F29BAAF69245}.Release|Any CPU.Build.0 = Release|Any CPU
	EndGlobalSection
	GlobalSection(SolutionProperties) = preSolution
		HideSolutionNode = FALSE
	EndGlobalSection
	GlobalSection(NestedProjects) = preSolution
		{8340E286-E60E-4A6D-8063-56B687427882} = {3E6979BC-9224-4471-A0E2-EAB31FC72DEE}
		{09FFA217-255B-4DB4-913B-6D9B77BFD085} = {3E6979BC-9224-4471-A0E2-EAB31FC72DEE}
		{07B89B82-D6AC-455A-AEA1-AADAA477B1E5} = {3E6979BC-9224-4471-A0E2-EAB31FC72DEE}
		{FABC1F81-4E6B-439A-B726-3647C0A06BDD} = {069A17B5-AF35-458A-86B6-B3EF77D99073}
		{6C8B54D6-6A12-4CAC-A753-9CA6BB39C546} = {50857BE3-C92B-41CF-A1D0-29C1C61C57FF}
		{50857BE3-C92B-41CF-A1D0-29C1C61C57FF} = {5517E70B-E67F-412D-AA28-22DE915D3A38}
		{7B371826-0A1A-40E2-A15C-5EC87C79AFEB} = {5517E70B-E67F-412D-AA28-22DE915D3A38}
		{098E3719-8525-4626-B427-5E57290581F4} = {7B371826-0A1A-40E2-A15C-5EC87C79AFEB}
		{09FAC6ED-7F3E-423B-AAC9-A5118E2FB4D1} = {5517E70B-E67F-412D-AA28-22DE915D3A38}
		{3A638C84-F77F-4C81-BA9F-23D4388F73BF} = {09FAC6ED-7F3E-423B-AAC9-A5118E2FB4D1}
		{5732A775-3395-46AE-AEF1-A6343DD15771} = {E46EF07A-037E-48BF-B8E9-ED8E064227B7}
		{E46EF07A-037E-48BF-B8E9-ED8E064227B7} = {F1CCD17D-B41D-4546-BCC6-1CF13704F1D8}
		{5EF73394-FBC7-4CFB-A37E-03D1D3A2D30D} = {F1CCD17D-B41D-4546-BCC6-1CF13704F1D8}
		{F059A455-1180-44EB-913F-C34F2AC67A3B} = {5EF73394-FBC7-4CFB-A37E-03D1D3A2D30D}
		{3C531BAA-43DA-474E-A8F4-42AD28EE626A} = {F1CCD17D-B41D-4546-BCC6-1CF13704F1D8}
		{00B44C0B-BA1D-4D4F-B0D1-E7456C2F6F21} = {3C531BAA-43DA-474E-A8F4-42AD28EE626A}
		{E8762E47-3BD3-4EF4-B8A6-20039E534EAE} = {F1CCD17D-B41D-4546-BCC6-1CF13704F1D8}
		{DAAB33B7-D327-44A4-9130-CD988A8027CC} = {E8762E47-3BD3-4EF4-B8A6-20039E534EAE}
		{EFDE10DE-452A-4AEC-8655-D3693CBAC358} = {F1CCD17D-B41D-4546-BCC6-1CF13704F1D8}
		{13E734BF-83E8-4934-AF26-6AD67A79193D} = {EFDE10DE-452A-4AEC-8655-D3693CBAC358}
		{D9AFE27A-74A5-4E3F-9BD2-4D533AA6771F} = {98283E87-1EA9-48A3-A34A-AA0AE7277A31}
		{8093BA91-C4DB-4BB2-9F15-227565A4A25D} = {D9AFE27A-74A5-4E3F-9BD2-4D533AA6771F}
		{0C0AC70B-8DE2-4349-BF15-AF625135497E} = {98283E87-1EA9-48A3-A34A-AA0AE7277A31}
		{665CEB00-5D74-4576-8317-A2B06651E99C} = {0C0AC70B-8DE2-4349-BF15-AF625135497E}
		{A0D28716-45E1-480C-A29E-55C04778CFA8} = {DE6B0322-F64B-43B3-913B-185F400B5613}
		{EE820009-DB45-4DD4-8773-41BF4B9A8F91} = {DE6B0322-F64B-43B3-913B-185F400B5613}
		{6744E9E7-F935-46A5-9461-A486EDF83B77} = {A0D28716-45E1-480C-A29E-55C04778CFA8}
		{765AF568-0786-4961-958F-31E7BCA42866} = {EE820009-DB45-4DD4-8773-41BF4B9A8F91}
		{65DB999E-BFDF-459C-A9D0-082CACFB2743} = {DE6B0322-F64B-43B3-913B-185F400B5613}
		{70485B12-F748-46F9-949D-E242F9894FB5} = {65DB999E-BFDF-459C-A9D0-082CACFB2743}
		{82616DF2-7D60-4BE3-85C0-7BA69CF72D5C} = {166BF397-784A-4B05-834F-BFC281B1F14E}
		{6B1702E9-2660-4B32-9782-FBFB97252A8B} = {82616DF2-7D60-4BE3-85C0-7BA69CF72D5C}
		{BE49E032-F9E0-4CDA-BB8C-875994843372} = {166BF397-784A-4B05-834F-BFC281B1F14E}
		{C282E463-E012-4C72-AC36-7933F18F8CC5} = {BE49E032-F9E0-4CDA-BB8C-875994843372}
		{0F72F894-1E5C-4A19-9DB0-BE945A0FFA0A} = {6544CAF9-3596-4786-8A86-5D12A659132F}
		{1F9E984C-7ECA-44F8-B92E-1123AD3B3440} = {0F72F894-1E5C-4A19-9DB0-BE945A0FFA0A}
		{E72D2F4B-852D-4450-BEF4-E2BECAD34A27} = {2B2BB5CB-91F1-4CAE-942B-FD128EF5DE8A}
		{E9486626-1A77-446A-8B7C-E6034769EBAB} = {E72D2F4B-852D-4450-BEF4-E2BECAD34A27}
		{FEE5C9AD-0E32-4A67-8436-84B266F129A7} = {2B2BB5CB-91F1-4CAE-942B-FD128EF5DE8A}
		{4C2FA750-CF67-499D-B14E-4077D4A62C30} = {FEE5C9AD-0E32-4A67-8436-84B266F129A7}
		{A1CDFB60-D859-44A2-AB52-9C241F9A6918} = {2B2BB5CB-91F1-4CAE-942B-FD128EF5DE8A}
		{B886EEA3-37D1-416E-9E0E-DCFD0562BACC} = {A1CDFB60-D859-44A2-AB52-9C241F9A6918}
		{78D8D68B-30DA-4DA9-86EB-FDFFB9861972} = {AE2A6DFC-A711-426E-9FD8-E4D8999C1920}
		{99B86CFA-C40A-49C7-8EB1-F29BAAF69245} = {78D8D68B-30DA-4DA9-86EB-FDFFB9861972}
	EndGlobalSection
	GlobalSection(ExtensibilityGlobals) = postSolution
		SolutionGuid = {CF4CFF4B-FA86-446C-9B1E-9917F74AF2B0}
	EndGlobalSection
EndGlobal
